
Microsoft Visual Studio Solution File, Format Version 12.00
# Visual Studio Version 17
VisualStudioVersion = 17.10.34916.146
MinimumVisualStudioVersion = 10.0.40219.1
Project("{FAE04EC0-301F-11D3-BF4B-00C04F79EFBC}") = "BFF-MotorRentApp", "BFF-MotorRentApp\BFF-MotorRentApp.csproj", "{B126978C-8702-4C44-A14E-48C4BD02EACC}"
EndProject
Global
	GlobalSection(SolutionConfigurationPlatforms) = preSolution
		Debug|Any CPU = Debug|Any CPU
		Release|Any CPU = Release|Any CPU
	EndGlobalSection
	GlobalSection(ProjectConfigurationPlatforms) = postSolution
		{B126978C-8702-4C44-A14E-48C4BD02EACC}.Debug|Any CPU.ActiveCfg = Debug|Any CPU
		{B126978C-8702-4C44-A14E-48C4BD02EACC}.Debug|Any CPU.Build.0 = Debug|Any CPU
		{B126978C-8702-4C44-A14E-48C4BD02EACC}.Release|Any CPU.ActiveCfg = Release|Any CPU
		{B126978C-8702-4C44-A14E-48C4BD02EACC}.Release|Any CPU.Build.0 = Release|Any CPU
	EndGlobalSection
	GlobalSection(SolutionProperties) = preSolution
		HideSolutionNode = FALSE
	EndGlobalSection
	GlobalSection(ExtensibilityGlobals) = postSolution
		SolutionGuid = {F0932DFE-33C1-414F-88F7-0066BCD500FD}
	EndGlobalSection
EndGlobal
